
Microsoft Visual Studio Solution File, Format Version 12.00
# Visual Studio Version 17
VisualStudioVersion = 17.9.34723.18
MinimumVisualStudioVersion = 10.0.40219.1
Project("{FAE04EC0-301F-11D3-BF4B-00C04F79EFBC}") = "Prog120_S24_L8_Part2", "Prog120_S24_L8_Part2.csproj", "{908A6467-5379-4626-804D-7EB72BBA86E9}"
EndProject
Global
	GlobalSection(SolutionConfigurationPlatforms) = preSolution
		Debug|Any CPU = Debug|Any CPU
		Release|Any CPU = Release|Any CPU
	EndGlobalSection
	GlobalSection(ProjectConfigurationPlatforms) = postSolution
		{908A6467-5379-4626-804D-7EB72BBA86E9}.Debug|Any CPU.ActiveCfg = Debug|Any CPU
		{908A6467-5379-4626-804D-7EB72BBA86E9}.Debug|Any CPU.Build.0 = Debug|Any CPU
		{908A6467-5379-4626-804D-7EB72BBA86E9}.Release|Any CPU.ActiveCfg = Release|Any CPU
		{908A6467-5379-4626-804D-7EB72BBA86E9}.Release|Any CPU.Build.0 = Release|Any CPU
	EndGlobalSection
	GlobalSection(SolutionProperties) = preSolution
		HideSolutionNode = FALSE
	EndGlobalSection
	GlobalSection(ExtensibilityGlobals) = postSolution
		SolutionGuid = {2272C76B-A4A9-477E-82E6-755B28C31516}
	EndGlobalSection
EndGlobal
